
Microsoft Visual Studio Solution File, Format Version 12.00
# Visual Studio Version 17
VisualStudioVersion = 17.12.35527.113 d17.12
MinimumVisualStudioVersion = 10.0.40219.1
Project("{FAE04EC0-301F-11D3-BF4B-00C04F79EFBC}") = "ADONETCORE", "ADONETCORE\ADONETCORE.csproj", "{C0FFEE26-BA18-4A60-9A37-FC8F63491AF4}"
EndProject
Global
	GlobalSection(SolutionConfigurationPlatforms) = preSolution
		Debug|Any CPU = Debug|Any CPU
		Release|Any CPU = Release|Any CPU
	EndGlobalSection
	GlobalSection(ProjectConfigurationPlatforms) = postSolution
		{C0FFEE26-BA18-4A60-9A37-FC8F63491AF4}.Debug|Any CPU.ActiveCfg = Debug|Any CPU
		{C0FFEE26-BA18-4A60-9A37-FC8F63491AF4}.Debug|Any CPU.Build.0 = Debug|Any CPU
		{C0FFEE26-BA18-4A60-9A37-FC8F63491AF4}.Release|Any CPU.ActiveCfg = Release|Any CPU
		{C0FFEE26-BA18-4A60-9A37-FC8F63491AF4}.Release|Any CPU.Build.0 = Release|Any CPU
	EndGlobalSection
	GlobalSection(SolutionProperties) = preSolution
		HideSolutionNode = FALSE
	EndGlobalSection
EndGlobal
